// !$*UTF8*$!
{
	archiveVersion = 1;
	classes = {
	};
	objectVersion = 50;
	objects = {

/* Begin PBXBuildFile section */
		1E07711620955B96002CD497 /* ViewControllerList.swift in Sources */ = {isa = PBXBuildFile; fileRef = 1E07711520955B96002CD497 /* ViewControllerList.swift */; };
		1E07711820969744002CD497 /* ViewControllerDetail.swift in Sources */ = {isa = PBXBuildFile; fileRef = 1E07711720969744002CD497 /* ViewControllerDetail.swift */; };
		1E07711A2096A0A7002CD497 /* Constants.swift in Sources */ = {isa = PBXBuildFile; fileRef = 1E0771192096A0A7002CD497 /* Constants.swift */; };
		1EE5000120951783003E3E57 /* MovieInfoTests.swift in Sources */ = {isa = PBXBuildFile; fileRef = 1EE5000020951783003E3E57 /* MovieInfoTests.swift */; };
		1EE5FFEC20951777003E3E57 /* AppDelegate.swift in Sources */ = {isa = PBXBuildFile; fileRef = 1EE5FFEB20951777003E3E57 /* AppDelegate.swift */; };
		1EE5FFF120951777003E3E57 /* Main.storyboard in Resources */ = {isa = PBXBuildFile; fileRef = 1EE5FFEF20951777003E3E57 /* Main.storyboard */; };
		1EE5FFF320951782003E3E57 /* Assets.xcassets in Resources */ = {isa = PBXBuildFile; fileRef = 1EE5FFF220951782003E3E57 /* Assets.xcassets */; };
		1EE5FFF620951782003E3E57 /* LaunchScreen.storyboard in Resources */ = {isa = PBXBuildFile; fileRef = 1EE5FFF420951782003E3E57 /* LaunchScreen.storyboard */; };
		DF6B39A996B59B0AFB0AAE18 /* Pods_MovieInfo.framework in Frameworks */ = {isa = PBXBuildFile; fileRef = 3349A84AD630B23227B7E869 /* Pods_MovieInfo.framework */; };
/* End PBXBuildFile section */

/* Begin PBXContainerItemProxy section */
		1EE5FFFD20951782003E3E57 /* PBXContainerItemProxy */ = {
			isa = PBXContainerItemProxy;
			containerPortal = 1EE5FFE020951777003E3E57 /* Project object */;
			proxyType = 1;
			remoteGlobalIDString = 1EE5FFE720951777003E3E57;
			remoteInfo = MovieInfo;
		};
/* End PBXContainerItemProxy section */

/* Begin PBXFileReference section */
		1E07711520955B96002CD497 /* ViewControllerList.swift */ = {isa = PBXFileReference; lastKnownFileType = sourcecode.swift; path = ViewControllerList.swift; sourceTree = "<group>"; };
		1E07711720969744002CD497 /* ViewControllerDetail.swift */ = {isa = PBXFileReference; lastKnownFileType = sourcecode.swift; path = ViewControllerDetail.swift; sourceTree = "<group>"; };
		1E0771192096A0A7002CD497 /* Constants.swift */ = {isa = PBXFileReference; lastKnownFileType = sourcecode.swift; path = Constants.swift; sourceTree = "<group>"; };
		1EE5000020951783003E3E57 /* MovieInfoTests.swift */ = {isa = PBXFileReference; lastKnownFileType = sourcecode.swift; path = MovieInfoTests.swift; sourceTree = "<group>"; };
		1EE5000220951783003E3E57 /* Info.plist */ = {isa = PBXFileReference; lastKnownFileType = text.plist.xml; path = Info.plist; sourceTree = "<group>"; };
		1EE5FFE820951777003E3E57 /* MovieInfo.app */ = {isa = PBXFileReference; explicitFileType = wrapper.application; includeInIndex = 0; path = MovieInfo.app; sourceTree = BUILT_PRODUCTS_DIR; };
		1EE5FFEB20951777003E3E57 /* AppDelegate.swift */ = {isa = PBXFileReference; lastKnownFileType = sourcecode.swift; path = AppDelegate.swift; sourceTree = "<group>"; };
		1EE5FFF020951777003E3E57 /* Base */ = {isa = PBXFileReference; lastKnownFileType = file.storyboard; name = Base; path = Base.lproj/Main.storyboard; sourceTree = "<group>"; };
		1EE5FFF220951782003E3E57 /* Assets.xcassets */ = {isa = PBXFileReference; lastKnownFileType = folder.assetcatalog; path = Assets.xcassets; sourceTree = "<group>"; };
		1EE5FFF520951782003E3E57 /* Base */ = {isa = PBXFileReference; lastKnownFileType = file.storyboard; name = Base; path = Base.lproj/LaunchScreen.storyboard; sourceTree = "<group>"; };
		1EE5FFF720951782003E3E57 /* Info.plist */ = {isa = PBXFileReference; lastKnownFileType = text.plist.xml; path = Info.plist; sourceTree = "<group>"; };
		1EE5FFFC20951782003E3E57 /* MovieInfoTests.xctest */ = {isa = PBXFileReference; explicitFileType = wrapper.cfbundle; includeInIndex = 0; path = MovieInfoTests.xctest; sourceTree = BUILT_PRODUCTS_DIR; };
		3349A84AD630B23227B7E869 /* Pods_MovieInfo.framework */ = {isa = PBXFileReference; explicitFileType = wrapper.framework; includeInIndex = 0; path = Pods_MovieInfo.framework; sourceTree = BUILT_PRODUCTS_DIR; };
		D17AD1D189530DC974484525 /* Pods-MovieInfo.debug.xcconfig */ = {isa = PBXFileReference; includeInIndex = 1; lastKnownFileType = text.xcconfig; name = "Pods-MovieInfo.debug.xcconfig"; path = "Pods/Target Support Files/Pods-MovieInfo/Pods-MovieInfo.debug.xcconfig"; sourceTree = "<group>"; };
		DB8C92A33252DF90CF787022 /* Pods-MovieInfo.release.xcconfig */ = {isa = PBXFileReference; includeInIndex = 1; lastKnownFileType = text.xcconfig; name = "Pods-MovieInfo.release.xcconfig"; path = "Pods/Target Support Files/Pods-MovieInfo/Pods-MovieInfo.release.xcconfig"; sourceTree = "<group>"; };
/* End PBXFileReference section */

/* Begin PBXFrameworksBuildPhase section */
		1EE5FFE520951777003E3E57 /* Frameworks */ = {
			isa = PBXFrameworksBuildPhase;
			buildActionMask = 2147483647;
			files = (
				DF6B39A996B59B0AFB0AAE18 /* Pods_MovieInfo.framework in Frameworks */,
			);
			runOnlyForDeploymentPostprocessing = 0;
		};
		1EE5FFF920951782003E3E57 /* Frameworks */ = {
			isa = PBXFrameworksBuildPhase;
			buildActionMask = 2147483647;
			files = (
			);
			runOnlyForDeploymentPostprocessing = 0;
		};
/* End PBXFrameworksBuildPhase section */

/* Begin PBXGroup section */
		0D7134A24090CD23BB5CEEE8 /* Frameworks */ = {
			isa = PBXGroup;
			children = (
				3349A84AD630B23227B7E869 /* Pods_MovieInfo.framework */,
			);
			name = Frameworks;
			sourceTree = "<group>";
		};
		1EE5FFDF20951777003E3E57 = {
			isa = PBXGroup;
			children = (
				1EE5FFEA20951777003E3E57 /* MovieInfo */,
				1EE5FFFF20951782003E3E57 /* MovieInfoTests */,
				1EE5FFE920951777003E3E57 /* Products */,
				869C5ABE1C3C140CF561C85E /* Pods */,
				0D7134A24090CD23BB5CEEE8 /* Frameworks */,
			);
			sourceTree = "<group>";
		};
		1EE5FFE920951777003E3E57 /* Products */ = {
			isa = PBXGroup;
			children = (
				1EE5FFE820951777003E3E57 /* MovieInfo.app */,
				1EE5FFFC20951782003E3E57 /* MovieInfoTests.xctest */,
			);
			name = Products;
			sourceTree = "<group>";
		};
		1EE5FFEA20951777003E3E57 /* MovieInfo */ = {
			isa = PBXGroup;
			children = (
				1EE5FFEB20951777003E3E57 /* AppDelegate.swift */,
				1E07711520955B96002CD497 /* ViewControllerList.swift */,
				1E07711720969744002CD497 /* ViewControllerDetail.swift */,
				1EE5FFEF20951777003E3E57 /* Main.storyboard */,
				1EE5FFF220951782003E3E57 /* Assets.xcassets */,
				1EE5FFF420951782003E3E57 /* LaunchScreen.storyboard */,
				1EE5FFF720951782003E3E57 /* Info.plist */,
				1E0771192096A0A7002CD497 /* Constants.swift */,
			);
			path = MovieInfo;
			sourceTree = "<group>";
		};
		1EE5FFFF20951782003E3E57 /* MovieInfoTests */ = {
			isa = PBXGroup;
			children = (
				1EE5000020951783003E3E57 /* MovieInfoTests.swift */,
				1EE5000220951783003E3E57 /* Info.plist */,
			);
			path = MovieInfoTests;
			sourceTree = "<group>";
		};
		869C5ABE1C3C140CF561C85E /* Pods */ = {
			isa = PBXGroup;
			children = (
				D17AD1D189530DC974484525 /* Pods-MovieInfo.debug.xcconfig */,
				DB8C92A33252DF90CF787022 /* Pods-MovieInfo.release.xcconfig */,
			);
			name = Pods;
			sourceTree = "<group>";
		};
/* End PBXGroup section */

/* Begin PBXNativeTarget section */
		1EE5FFE720951777003E3E57 /* MovieInfo */ = {
			isa = PBXNativeTarget;
			buildConfigurationList = 1EE5000520951783003E3E57 /* Build configuration list for PBXNativeTarget "MovieInfo" */;
			buildPhases = (
				4D463E292F570CFC77E0606D /* [CP] Check Pods Manifest.lock */,
				1EE5FFE420951777003E3E57 /* Sources */,
				1EE5FFE520951777003E3E57 /* Frameworks */,
				1EE5FFE620951777003E3E57 /* Resources */,
				AA0ADD4C14FEDCC012845A14 /* [CP] Embed Pods Frameworks */,
			);
			buildRules = (
			);
			dependencies = (
			);
			name = MovieInfo;
			productName = MovieInfo;
			productReference = 1EE5FFE820951777003E3E57 /* MovieInfo.app */;
			productType = "com.apple.product-type.application";
		};
		1EE5FFFB20951782003E3E57 /* MovieInfoTests */ = {
			isa = PBXNativeTarget;
			buildConfigurationList = 1EE5000820951783003E3E57 /* Build configuration list for PBXNativeTarget "MovieInfoTests" */;
			buildPhases = (
				1EE5FFF820951782003E3E57 /* Sources */,
				1EE5FFF920951782003E3E57 /* Frameworks */,
				1EE5FFFA20951782003E3E57 /* Resources */,
			);
			buildRules = (
			);
			dependencies = (
				1EE5FFFE20951782003E3E57 /* PBXTargetDependency */,
			);
			name = MovieInfoTests;
			productName = MovieInfoTests;
			productReference = 1EE5FFFC20951782003E3E57 /* MovieInfoTests.xctest */;
			productType = "com.apple.product-type.bundle.unit-test";
		};
/* End PBXNativeTarget section */

/* Begin PBXProject section */
		1EE5FFE020951777003E3E57 /* Project object */ = {
			isa = PBXProject;
			attributes = {
				LastSwiftUpdateCheck = 0930;
				LastUpgradeCheck = 0930;
				ORGANIZATIONNAME = "Américo Rio";
				TargetAttributes = {
					1EE5FFE720951777003E3E57 = {
						CreatedOnToolsVersion = 9.3;
					};
					1EE5FFFB20951782003E3E57 = {
						CreatedOnToolsVersion = 9.3;
						TestTargetID = 1EE5FFE720951777003E3E57;
					};
				};
			};
			buildConfigurationList = 1EE5FFE320951777003E3E57 /* Build configuration list for PBXProject "MovieInfo" */;
			compatibilityVersion = "Xcode 9.3";
			developmentRegion = en;
			hasScannedForEncodings = 0;
			knownRegions = (
				en,
				Base,
			);
			mainGroup = 1EE5FFDF20951777003E3E57;
			productRefGroup = 1EE5FFE920951777003E3E57 /* Products */;
			projectDirPath = "";
			projectRoot = "";
			targets = (
				1EE5FFE720951777003E3E57 /* MovieInfo */,
				1EE5FFFB20951782003E3E57 /* MovieInfoTests */,
			);
		};
/* End PBXProject section */

/* Begin PBXResourcesBuildPhase section */
		1EE5FFE620951777003E3E57 /* Resources */ = {
			isa = PBXResourcesBuildPhase;
			buildActionMask = 2147483647;
			files = (
				1EE5FFF620951782003E3E57 /* LaunchScreen.storyboard in Resources */,
				1EE5FFF320951782003E3E57 /* Assets.xcassets in Resources */,
				1EE5FFF120951777003E3E57 /* Main.storyboard in Resources */,
			);
			runOnlyForDeploymentPostprocessing = 0;
		};
		1EE5FFFA20951782003E3E57 /* Resources */ = {
			isa = PBXResourcesBuildPhase;
			buildActionMask = 2147483647;
			files = (
			);
			runOnlyForDeploymentPostprocessing = 0;
		};
/* End PBXResourcesBuildPhase section */

/* Begin PBXShellScriptBuildPhase section */
		4D463E292F570CFC77E0606D /* [CP] Check Pods Manifest.lock */ = {
			isa = PBXShellScriptBuildPhase;
			buildActionMask = 2147483647;
			files = (
			);
			inputPaths = (
				"${PODS_PODFILE_DIR_PATH}/Podfile.lock",
				"${PODS_ROOT}/Manifest.lock",
			);
			name = "[CP] Check Pods Manifest.lock";
			outputPaths = (
				"$(DERIVED_FILE_DIR)/Pods-MovieInfo-checkManifestLockResult.txt",
			);
			runOnlyForDeploymentPostprocessing = 0;
			shellPath = /bin/sh;
			shellScript = "diff \"${PODS_PODFILE_DIR_PATH}/Podfile.lock\" \"${PODS_ROOT}/Manifest.lock\" > /dev/null\nif [ $? != 0 ] ; then\n    # print error to STDERR\n    echo \"error: The sandbox is not in sync with the Podfile.lock. Run 'pod install' or update your CocoaPods installation.\" >&2\n    exit 1\nfi\n# This output is used by Xcode 'outputs' to avoid re-running this script phase.\necho \"SUCCESS\" > \"${SCRIPT_OUTPUT_FILE_0}\"\n";
			showEnvVarsInLog = 0;
		};
		AA0ADD4C14FEDCC012845A14 /* [CP] Embed Pods Frameworks */ = {
			isa = PBXShellScriptBuildPhase;
			buildActionMask = 2147483647;
			files = (
			);
			inputPaths = (
				"${SRCROOT}/Pods/Target Support Files/Pods-MovieInfo/Pods-MovieInfo-frameworks.sh",
				"${BUILT_PRODUCTS_DIR}/Alamofire/Alamofire.framework",
				"${BUILT_PRODUCTS_DIR}/Alamofire-SwiftyJSON/Alamofire_SwiftyJSON.framework",
				"${BUILT_PRODUCTS_DIR}/AlamofireImage/AlamofireImage.framework",
				"${BUILT_PRODUCTS_DIR}/SwiftyJSON/SwiftyJSON.framework",
			);
			name = "[CP] Embed Pods Frameworks";
			outputPaths = (
				"${TARGET_BUILD_DIR}/${FRAMEWORKS_FOLDER_PATH}/Alamofire.framework",
				"${TARGET_BUILD_DIR}/${FRAMEWORKS_FOLDER_PATH}/Alamofire_SwiftyJSON.framework",
				"${TARGET_BUILD_DIR}/${FRAMEWORKS_FOLDER_PATH}/AlamofireImage.framework",
				"${TARGET_BUILD_DIR}/${FRAMEWORKS_FOLDER_PATH}/SwiftyJSON.framework",
			);
			runOnlyForDeploymentPostprocessing = 0;
			shellPath = /bin/sh;
			shellScript = "\"${SRCROOT}/Pods/Target Support Files/Pods-MovieInfo/Pods-MovieInfo-frameworks.sh\"\n";
			showEnvVarsInLog = 0;
		};
/* End PBXShellScriptBuildPhase section */

/* Begin PBXSourcesBuildPhase section */
		1EE5FFE420951777003E3E57 /* Sources */ = {
			isa = PBXSourcesBuildPhase;
			buildActionMask = 2147483647;
			files = (
				1E07711620955B96002CD497 /* ViewControllerList.swift in Sources */,
				1E07711820969744002CD497 /* ViewControllerDetail.swift in Sources */,
				1EE5FFEC20951777003E3E57 /* AppDelegate.swift in Sources */,
				1E07711A2096A0A7002CD497 /* Constants.swift in Sources */,
			);
			runOnlyForDeploymentPostprocessing = 0;
		};
		1EE5FFF820951782003E3E57 /* Sources */ = {
			isa = PBXSourcesBuildPhase;
			buildActionMask = 2147483647;
			files = (
				1EE5000120951783003E3E57 /* MovieInfoTests.swift in Sources */,
			);
			runOnlyForDeploymentPostprocessing = 0;
		};
/* End PBXSourcesBuildPhase section */

/* Begin PBXTargetDependency section */
		1EE5FFFE20951782003E3E57 /* PBXTargetDependency */ = {
			isa = PBXTargetDependency;
			target = 1EE5FFE720951777003E3E57 /* MovieInfo */;
			targetProxy = 1EE5FFFD20951782003E3E57 /* PBXContainerItemProxy */;
		};
/* End PBXTargetDependency section */

/* Begin PBXVariantGroup section */
		1EE5FFEF20951777003E3E57 /* Main.storyboard */ = {
			isa = PBXVariantGroup;
			children = (
				1EE5FFF020951777003E3E57 /* Base */,
			);
			name = Main.storyboard;
			sourceTree = "<group>";
		};
		1EE5FFF420951782003E3E57 /* LaunchScreen.storyboard */ = {
			isa = PBXVariantGroup;
			children = (
				1EE5FFF520951782003E3E57 /* Base */,
			);
			name = LaunchScreen.storyboard;
			sourceTree = "<group>";
		};
/* End PBXVariantGroup section */

/* Begin XCBuildConfiguration section */
		1EE5000320951783003E3E57 /* Debug */ = {
			isa = XCBuildConfiguration;
			buildSettings = {
				ALWAYS_SEARCH_USER_PATHS = NO;
				CLANG_ANALYZER_NONNULL = YES;
				CLANG_ANALYZER_NUMBER_OBJECT_CONVERSION = YES_AGGRESSIVE;
				CLANG_CXX_LANGUAGE_STANDARD = "gnu++14";
				CLANG_CXX_LIBRARY = "libc++";
				CLANG_ENABLE_MODULES = YES;
				CLANG_ENABLE_OBJC_ARC = YES;
				CLANG_ENABLE_OBJC_WEAK = YES;
				CLANG_WARN_BLOCK_CAPTURE_AUTORELEASING = YES;
				CLANG_WARN_BOOL_CONVERSION = YES;
				CLANG_WARN_COMMA = YES;
				CLANG_WARN_CONSTANT_CONVERSION = YES;
				CLANG_WARN_DEPRECATED_OBJC_IMPLEMENTATIONS = YES;
				CLANG_WARN_DIRECT_OBJC_ISA_USAGE = YES_ERROR;
				CLANG_WARN_DOCUMENTATION_COMMENTS = YES;
				CLANG_WARN_EMPTY_BODY = YES;
				CLANG_WARN_ENUM_CONVERSION = YES;
				CLANG_WARN_INFINITE_RECURSION = YES;
				CLANG_WARN_INT_CONVERSION = YES;
				CLANG_WARN_NON_LITERAL_NULL_CONVERSION = YES;
				CLANG_WARN_OBJC_IMPLICIT_RETAIN_SELF = YES;
				CLANG_WARN_OBJC_LITERAL_CONVERSION = YES;
				CLANG_WARN_OBJC_ROOT_CLASS = YES_ERROR;
				CLANG_WARN_RANGE_LOOP_ANALYSIS = YES;
				CLANG_WARN_STRICT_PROTOTYPES = YES;
				CLANG_WARN_SUSPICIOUS_MOVE = YES;
				CLANG_WARN_UNGUARDED_AVAILABILITY = YES_AGGRESSIVE;
				CLANG_WARN_UNREACHABLE_CODE = YES;
				CLANG_WARN__DUPLICATE_METHOD_MATCH = YES;
				CODE_SIGN_IDENTITY = "iPhone Developer";
				COPY_PHASE_STRIP = NO;
				DEBUG_INFORMATION_FORMAT = dwarf;
				ENABLE_STRICT_OBJC_MSGSEND = YES;
				ENABLE_TESTABILITY = YES;
				GCC_C_LANGUAGE_STANDARD = gnu11;
				GCC_DYNAMIC_NO_PIC = NO;
				GCC_NO_COMMON_BLOCKS = YES;
				GCC_OPTIMIZATION_LEVEL = 0;
				GCC_PREPROCESSOR_DEFINITIONS = (
					"DEBUG=1",
					"$(inherited)",
				);
				GCC_WARN_64_TO_32_BIT_CONVERSION = YES;
				GCC_WARN_ABOUT_RETURN_TYPE = YES_ERROR;
				GCC_WARN_UNDECLARED_SELECTOR = YES;
				GCC_WARN_UNINITIALIZED_AUTOS = YES_AGGRESSIVE;
				GCC_WARN_UNUSED_FUNCTION = YES;
				GCC_WARN_UNUSED_VARIABLE = YES;
				IPHONEOS_DEPLOYMENT_TARGET = 11.3;
				MTL_ENABLE_DEBUG_INFO = YES;
				ONLY_ACTIVE_ARCH = YES;
				SDKROOT = iphoneos;
				SWIFT_ACTIVE_COMPILATION_CONDITIONS = DEBUG;
				SWIFT_OPTIMIZATION_LEVEL = "-Onone";
			};
			name = Debug;
		};
		1EE5000420951783003E3E57 /* Release */ = {
			isa = XCBuildConfiguration;
			buildSettings = {
				ALWAYS_SEARCH_USER_PATHS = NO;
				CLANG_ANALYZER_NONNULL = YES;
				CLANG_ANALYZER_NUMBER_OBJECT_CONVERSION = YES_AGGRESSIVE;
				CLANG_CXX_LANGUAGE_STANDARD = "gnu++14";
				CLANG_CXX_LIBRARY = "libc++";
				CLANG_ENABLE_MODULES = YES;
				CLANG_ENABLE_OBJC_ARC = YES;
				CLANG_ENABLE_OBJC_WEAK = YES;
				CLANG_WARN_BLOCK_CAPTURE_AUTORELEASING = YES;
				CLANG_WARN_BOOL_CONVERSION = YES;
				CLANG_WARN_COMMA = YES;
				CLANG_WARN_CONSTANT_CONVERSION = YES;
				CLANG_WARN_DEPRECATED_OBJC_IMPLEMENTATIONS = YES;
				CLANG_WARN_DIRECT_OBJC_ISA_USAGE = YES_ERROR;
				CLANG_WARN_DOCUMENTATION_COMMENTS = YES;
				CLANG_WARN_EMPTY_BODY = YES;
				CLANG_WARN_ENUM_CONVERSION = YES;
				CLANG_WARN_INFINITE_RECURSION = YES;
				CLANG_WARN_INT_CONVERSION = YES;
				CLANG_WARN_NON_LITERAL_NULL_CONVERSION = YES;
				CLANG_WARN_OBJC_IMPLICIT_RETAIN_SELF = YES;
				CLANG_WARN_OBJC_LITERAL_CONVERSION = YES;
				CLANG_WARN_OBJC_ROOT_CLASS = YES_ERROR;
				CLANG_WARN_RANGE_LOOP_ANALYSIS = YES;
				CLANG_WARN_STRICT_PROTOTYPES = YES;
				CLANG_WARN_SUSPICIOUS_MOVE = YES;
				CLANG_WARN_UNGUARDED_AVAILABILITY = YES_AGGRESSIVE;
				CLANG_WARN_UNREACHABLE_CODE = YES;
				CLANG_WARN__DUPLICATE_METHOD_MATCH = YES;
				CODE_SIGN_IDENTITY = "iPhone Developer";
				COPY_PHASE_STRIP = NO;
				DEBUG_INFORMATION_FORMAT = "dwarf-with-dsym";
				ENABLE_NS_ASSERTIONS = NO;
				ENABLE_STRICT_OBJC_MSGSEND = YES;
				GCC_C_LANGUAGE_STANDARD = gnu11;
				GCC_NO_COMMON_BLOCKS = YES;
				GCC_WARN_64_TO_32_BIT_CONVERSION = YES;
				GCC_WARN_ABOUT_RETURN_TYPE = YES_ERROR;
				GCC_WARN_UNDECLARED_SELECTOR = YES;
				GCC_WARN_UNINITIALIZED_AUTOS = YES_AGGRESSIVE;
				GCC_WARN_UNUSED_FUNCTION = YES;
				GCC_WARN_UNUSED_VARIABLE = YES;
				IPHONEOS_DEPLOYMENT_TARGET = 11.3;
				MTL_ENABLE_DEBUG_INFO = NO;
				SDKROOT = iphoneos;
				SWIFT_COMPILATION_MODE = wholemodule;
				SWIFT_OPTIMIZATION_LEVEL = "-O";
				VALIDATE_PRODUCT = YES;
			};
			name = Release;
		};
		1EE5000620951783003E3E57 /* Debug */ = {
			isa = XCBuildConfiguration;
			baseConfigurationReference = D17AD1D189530DC974484525 /* Pods-MovieInfo.debug.xcconfig */;
			buildSettings = {
				ASSETCATALOG_COMPILER_APPICON_NAME = AppIcon;
				CODE_SIGN_STYLE = Automatic;
				INFOPLIST_FILE = MovieInfo/Info.plist;
				LD_RUNPATH_SEARCH_PATHS = (
					"$(inherited)",
					"@executable_path/Frameworks",
				);
				PRODUCT_BUNDLE_IDENTIFIER = com.appdev.MovieInfo;
				PRODUCT_NAME = "$(TARGET_NAME)";
				SWIFT_VERSION = 4.0;
				TARGETED_DEVICE_FAMILY = "1,2";
			};
			name = Debug;
		};
		1EE5000720951783003E3E57 /* Release */ = {
			isa = XCBuildConfiguration;
			baseConfigurationReference = DB8C92A33252DF90CF787022 /* Pods-MovieInfo.release.xcconfig */;
			buildSettings = {
				ASSETCATALOG_COMPILER_APPICON_NAME = AppIcon;
				CODE_SIGN_STYLE = Automatic;
				INFOPLIST_FILE = MovieInfo/Info.plist;
				LD_RUNPATH_SEARCH_PATHS = (
					"$(inherited)",
					"@executable_path/Frameworks",
				);
				PRODUCT_BUNDLE_IDENTIFIER = com.appdev.MovieInfo;
				PRODUCT_NAME = "$(TARGET_NAME)";
				SWIFT_VERSION = 4.0;
				TARGETED_DEVICE_FAMILY = "1,2";
			};
			name = Release;
		};
		1EE5000920951783003E3E57 /* Debug */ = {
			isa = XCBuildConfiguration;
			buildSettings = {
				ALWAYS_EMBED_SWIFT_STANDARD_LIBRARIES = YES;
				BUNDLE_LOADER = "$(TEST_HOST)";
				CODE_SIGN_STYLE = Automatic;
				INFOPLIST_FILE = MovieInfoTests/Info.plist;
				LD_RUNPATH_SEARCH_PATHS = (
					"$(inherited)",
					"@executable_path/Frameworks",
					"@loader_path/Frameworks",
				);
				PRODUCT_BUNDLE_IDENTIFIER = com.appdev.MovieInfoTests;
				PRODUCT_NAME = "$(TARGET_NAME)";
				SWIFT_VERSION = 4.0;
				TARGETED_DEVICE_FAMILY = "1,2";
				TEST_HOST = "$(BUILT_PRODUCTS_DIR)/MovieInfo.app/MovieInfo";
			};
			name = Debug;
		};
		1EE5000A20951783003E3E57 /* Release */ = {
			isa = XCBuildConfiguration;
			buildSettings = {
				ALWAYS_EMBED_SWIFT_STANDARD_LIBRARIES = YES;
				BUNDLE_LOADER = "$(TEST_HOST)";
				CODE_SIGN_STYLE = Automatic;
				INFOPLIST_FILE = MovieInfoTests/Info.plist;
				LD_RUNPATH_SEARCH_PATHS = (
					"$(inherited)",
					"@executable_path/Frameworks",
					"@loader_path/Frameworks",
				);
				PRODUCT_BUNDLE_IDENTIFIER = com.appdev.MovieInfoTests;
				PRODUCT_NAME = "$(TARGET_NAME)";
				SWIFT_VERSION = 4.0;
				TARGETED_DEVICE_FAMILY = "1,2";
				TEST_HOST = "$(BUILT_PRODUCTS_DIR)/MovieInfo.app/MovieInfo";
			};
			name = Release;
		};
/* End XCBuildConfiguration section */

/* Begin XCConfigurationList section */
		1EE5000520951783003E3E57 /* Build configuration list for PBXNativeTarget "MovieInfo" */ = {
			isa = XCConfigurationList;
			buildConfigurations = (
				1EE5000620951783003E3E57 /* Debug */,
				1EE5000720951783003E3E57 /* Release */,
			);
			defaultConfigurationIsVisible = 0;
			defaultConfigurationName = Release;
		};
		1EE5000820951783003E3E57 /* Build configuration list for PBXNativeTarget "MovieInfoTests" */ = {
			isa = XCConfigurationList;
			buildConfigurations = (
				1EE5000920951783003E3E57 /* Debug */,
				1EE5000A20951783003E3E57 /* Release */,
			);
			defaultConfigurationIsVisible = 0;
			defaultConfigurationName = Release;
		};
		1EE5FFE320951777003E3E57 /* Build configuration list for PBXProject "MovieInfo" */ = {
			isa = XCConfigurationList;
			buildConfigurations = (
				1EE5000320951783003E3E57 /* Debug */,
				1EE5000420951783003E3E57 /* Release */,
			);
			defaultConfigurationIsVisible = 0;
			defaultConfigurationName = Release;
		};
/* End XCConfigurationList section */
	};
	rootObject = 1EE5FFE020951777003E3E57 /* Project object */;
}
